
Microsoft Visual Studio Solution File, Format Version 12.00
# Visual Studio Version 16
VisualStudioVersion = 16.0.29911.84
MinimumVisualStudioVersion = 10.0.40219.1
Project("{9A19103F-16F7-4668-BE54-9A1E7A4F7556}") = "PortfolioRebalancer", "PortfolioRebalancer\PortfolioRebalancer.csproj", "{D32C5AFD-808B-4EA3-91E2-E91E15DB8621}"
EndProject
Project("{9A19103F-16F7-4668-BE54-9A1E7A4F7556}") = "PortfolioRebalancer.Console", "PortfolioRebalancer.Console\PortfolioRebalancer.Console.csproj", "{4F6F6517-381B-43F0-97A3-BAFE1F5E1C3B}"
EndProject
Project("{9A19103F-16F7-4668-BE54-9A1E7A4F7556}") = "PortfolioRebalancer.App", "PortfolioRebalancer.App\PortfolioRebalancer.App.csproj", "{21CBC6C4-9FD9-48E3-90F0-744964102F0B}"
EndProject
Global
	GlobalSection(SolutionConfigurationPlatforms) = preSolution
		Debug|Any CPU = Debug|Any CPU
		Debug|ARM = Debug|ARM
		Debug|x64 = Debug|x64
		Debug|x86 = Debug|x86
		Release|Any CPU = Release|Any CPU
		Release|ARM = Release|ARM
		Release|x64 = Release|x64
		Release|x86 = Release|x86
	EndGlobalSection
	GlobalSection(ProjectConfigurationPlatforms) = postSolution
		{D32C5AFD-808B-4EA3-91E2-E91E15DB8621}.Debug|Any CPU.ActiveCfg = Debug|Any CPU
		{D32C5AFD-808B-4EA3-91E2-E91E15DB8621}.Debug|Any CPU.Build.0 = Debug|Any CPU
		{D32C5AFD-808B-4EA3-91E2-E91E15DB8621}.Debug|ARM.ActiveCfg = Debug|Any CPU
		{D32C5AFD-808B-4EA3-91E2-E91E15DB8621}.Debug|ARM.Build.0 = Debug|Any CPU
		{D32C5AFD-808B-4EA3-91E2-E91E15DB8621}.Debug|x64.ActiveCfg = Debug|Any CPU
		{D32C5AFD-808B-4EA3-91E2-E91E15DB8621}.Debug|x64.Build.0 = Debug|Any CPU
		{D32C5AFD-808B-4EA3-91E2-E91E15DB8621}.Debug|x86.ActiveCfg = Debug|Any CPU
		{D32C5AFD-808B-4EA3-91E2-E91E15DB8621}.Debug|x86.Build.0 = Debug|Any CPU
		{D32C5AFD-808B-4EA3-91E2-E91E15DB8621}.Release|Any CPU.ActiveCfg = Release|Any CPU
		{D32C5AFD-808B-4EA3-91E2-E91E15DB8621}.Release|Any CPU.Build.0 = Release|Any CPU
		{D32C5AFD-808B-4EA3-91E2-E91E15DB8621}.Release|ARM.ActiveCfg = Release|Any CPU
		{D32C5AFD-808B-4EA3-91E2-E91E15DB8621}.Release|ARM.Build.0 = Release|Any CPU
		{D32C5AFD-808B-4EA3-91E2-E91E15DB8621}.Release|x64.ActiveCfg = Release|Any CPU
		{D32C5AFD-808B-4EA3-91E2-E91E15DB8621}.Release|x64.Build.0 = Release|Any CPU
		{D32C5AFD-808B-4EA3-91E2-E91E15DB8621}.Release|x86.ActiveCfg = Release|Any CPU
		{D32C5AFD-808B-4EA3-91E2-E91E15DB8621}.Release|x86.Build.0 = Release|Any CPU
		{4F6F6517-381B-43F0-97A3-BAFE1F5E1C3B}.Debug|Any CPU.ActiveCfg = Debug|Any CPU
		{4F6F6517-381B-43F0-97A3-BAFE1F5E1C3B}.Debug|Any CPU.Build.0 = Debug|Any CPU
		{4F6F6517-381B-43F0-97A3-BAFE1F5E1C3B}.Debug|ARM.ActiveCfg = Debug|Any CPU
		{4F6F6517-381B-43F0-97A3-BAFE1F5E1C3B}.Debug|ARM.Build.0 = Debug|Any CPU
		{4F6F6517-381B-43F0-97A3-BAFE1F5E1C3B}.Debug|x64.ActiveCfg = Debug|Any CPU
		{4F6F6517-381B-43F0-97A3-BAFE1F5E1C3B}.Debug|x64.Build.0 = Debug|Any CPU
		{4F6F6517-381B-43F0-97A3-BAFE1F5E1C3B}.Debug|x86.ActiveCfg = Debug|Any CPU
		{4F6F6517-381B-43F0-97A3-BAFE1F5E1C3B}.Debug|x86.Build.0 = Debug|Any CPU
		{4F6F6517-381B-43F0-97A3-BAFE1F5E1C3B}.Release|Any CPU.ActiveCfg = Release|Any CPU
		{4F6F6517-381B-43F0-97A3-BAFE1F5E1C3B}.Release|Any CPU.Build.0 = Release|Any CPU
		{4F6F6517-381B-43F0-97A3-BAFE1F5E1C3B}.Release|ARM.ActiveCfg = Release|Any CPU
		{4F6F6517-381B-43F0-97A3-BAFE1F5E1C3B}.Release|ARM.Build.0 = Release|Any CPU
		{4F6F6517-381B-43F0-97A3-BAFE1F5E1C3B}.Release|x64.ActiveCfg = Release|Any CPU
		{4F6F6517-381B-43F0-97A3-BAFE1F5E1C3B}.Release|x64.Build.0 = Release|Any CPU
		{4F6F6517-381B-43F0-97A3-BAFE1F5E1C3B}.Release|x86.ActiveCfg = Release|Any CPU
		{4F6F6517-381B-43F0-97A3-BAFE1F5E1C3B}.Release|x86.Build.0 = Release|Any CPU
		{21CBC6C4-9FD9-48E3-90F0-744964102F0B}.Debug|Any CPU.ActiveCfg = Debug|Any CPU
		{21CBC6C4-9FD9-48E3-90F0-744964102F0B}.Debug|Any CPU.Build.0 = Debug|Any CPU
		{21CBC6C4-9FD9-48E3-90F0-744964102F0B}.Debug|ARM.ActiveCfg = Debug|Any CPU
		{21CBC6C4-9FD9-48E3-90F0-744964102F0B}.Debug|ARM.Build.0 = Debug|Any CPU
		{21CBC6C4-9FD9-48E3-90F0-744964102F0B}.Debug|x64.ActiveCfg = Debug|Any CPU
		{21CBC6C4-9FD9-48E3-90F0-744964102F0B}.Debug|x64.Build.0 = Debug|Any CPU
		{21CBC6C4-9FD9-48E3-90F0-744964102F0B}.Debug|x86.ActiveCfg = Debug|Any CPU
		{21CBC6C4-9FD9-48E3-90F0-744964102F0B}.Debug|x86.Build.0 = Debug|Any CPU
		{21CBC6C4-9FD9-48E3-90F0-744964102F0B}.Release|Any CPU.ActiveCfg = Release|Any CPU
		{21CBC6C4-9FD9-48E3-90F0-744964102F0B}.Release|Any CPU.Build.0 = Release|Any CPU
		{21CBC6C4-9FD9-48E3-90F0-744964102F0B}.Release|ARM.ActiveCfg = Release|Any CPU
		{21CBC6C4-9FD9-48E3-90F0-744964102F0B}.Release|ARM.Build.0 = Release|Any CPU
		{21CBC6C4-9FD9-48E3-90F0-744964102F0B}.Release|x64.ActiveCfg = Release|Any CPU
		{21CBC6C4-9FD9-48E3-90F0-744964102F0B}.Release|x64.Build.0 = Release|Any CPU
		{21CBC6C4-9FD9-48E3-90F0-744964102F0B}.Release|x86.ActiveCfg = Release|Any CPU
		{21CBC6C4-9FD9-48E3-90F0-744964102F0B}.Release|x86.Build.0 = Release|Any CPU
	EndGlobalSection
	GlobalSection(SolutionProperties) = preSolution
		HideSolutionNode = FALSE
	EndGlobalSection
	GlobalSection(ExtensibilityGlobals) = postSolution
		SolutionGuid = {980679DF-7797-4883-A568-8236ADCADA6F}
	EndGlobalSection
EndGlobal
